
Microsoft Visual Studio Solution File, Format Version 12.00
# Visual Studio Version 16
VisualStudioVersion = 16.0.29215.179
MinimumVisualStudioVersion = 10.0.40219.1
Project("{FAE04EC0-301F-11D3-BF4B-00C04F79EFBC}") = "Nulos", "Nulos\Nulos.csproj", "{D66EC3F1-7756-4D46-BDE6-D18D69F5DF43}"
EndProject
Global
	GlobalSection(SolutionConfigurationPlatforms) = preSolution
		Debug|Any CPU = Debug|Any CPU
		Release|Any CPU = Release|Any CPU
	EndGlobalSection
	GlobalSection(ProjectConfigurationPlatforms) = postSolution
		{D66EC3F1-7756-4D46-BDE6-D18D69F5DF43}.Debug|Any CPU.ActiveCfg = Debug|Any CPU
		{D66EC3F1-7756-4D46-BDE6-D18D69F5DF43}.Debug|Any CPU.Build.0 = Debug|Any CPU
		{D66EC3F1-7756-4D46-BDE6-D18D69F5DF43}.Release|Any CPU.ActiveCfg = Release|Any CPU
		{D66EC3F1-7756-4D46-BDE6-D18D69F5DF43}.Release|Any CPU.Build.0 = Release|Any CPU
	EndGlobalSection
	GlobalSection(SolutionProperties) = preSolution
		HideSolutionNode = FALSE
	EndGlobalSection
	GlobalSection(ExtensibilityGlobals) = postSolution
		SolutionGuid = {03CC6E83-6074-4F36-BB1E-1410572987C9}
	EndGlobalSection
EndGlobal
